PODS:
  - FlutterMacOS (1.0.0)
  - rust_lib_flutter_rust_cam_test (0.0.1):
    - FlutterMacOS

DEPENDENCIES:
  - FlutterMacOS (from `Flutter/ephemeral`)
  - rust_lib_flutter_rust_cam_test (from `Flutter/ephemeral/.symlinks/plugins/rust_lib_flutter_rust_cam_test/macos`)

EXTERNAL SOURCES:
  FlutterMacOS:
    :path: Flutter/ephemeral
  rust_lib_flutter_rust_cam_test:
    :path: Flutter/ephemeral/.symlinks/plugins/rust_lib_flutter_rust_cam_test/macos

SPEC CHECKSUMS:
  FlutterMacOS: d0db08ddef1a9af05a5ec4b724367152bb0500b1
  rust_lib_flutter_rust_cam_test: 2abc641197ccd2907453bc99f2741321df60c917

PODFILE CHECKSUM: 6c6f8fc408d7ff82341c7a8be1c93f127af8794b

COCOAPODS: 1.16.2
